// !$*UTF8*$!
{
	archiveVersion = 1;
	classes = {
	};
	objectVersion = 51;
	objects = {

/* Begin PBXBuildFile section */
		1BD9E4DB24158C0800FD3D62 /* CategoriesTableViewController.swift in Sources */ = {isa = PBXBuildFile; fileRef = 1BD9E4DA24158C0800FD3D62 /* CategoriesTableViewController.swift */; };
		1BD9E4DD24158CD000FD3D62 /* CategoryCell.swift in Sources */ = {isa = PBXBuildFile; fileRef = 1BD9E4DC24158CD000FD3D62 /* CategoryCell.swift */; };
		2C29F1AE240EF68700A3B182 /* AppDelegate.swift in Sources */ = {isa = PBXBuildFile; fileRef = 2C29F1AD240EF68700A3B182 /* AppDelegate.swift */; };
		2C29F1B0240EF68700A3B182 /* SceneDelegate.swift in Sources */ = {isa = PBXBuildFile; fileRef = 2C29F1AF240EF68700A3B182 /* SceneDelegate.swift */; };
		2C29F1B2240EF68700A3B182 /* HomeViewController.swift in Sources */ = {isa = PBXBuildFile; fileRef = 2C29F1B1240EF68700A3B182 /* HomeViewController.swift */; };
		2C29F1B5240EF68700A3B182 /* Main.storyboard in Resources */ = {isa = PBXBuildFile; fileRef = 2C29F1B3240EF68700A3B182 /* Main.storyboard */; };
		2C29F1B7240EF68900A3B182 /* Assets.xcassets in Resources */ = {isa = PBXBuildFile; fileRef = 2C29F1B6240EF68900A3B182 /* Assets.xcassets */; };
		2C29F1BA240EF68900A3B182 /* LaunchScreen.storyboard in Resources */ = {isa = PBXBuildFile; fileRef = 2C29F1B8240EF68900A3B182 /* LaunchScreen.storyboard */; };
		2C29F1C5240EF68A00A3B182 /* TheBestAppTests.swift in Sources */ = {isa = PBXBuildFile; fileRef = 2C29F1C4240EF68A00A3B182 /* TheBestAppTests.swift */; };
		2C29F1D0240EF68A00A3B182 /* TheBestAppUITests.swift in Sources */ = {isa = PBXBuildFile; fileRef = 2C29F1CF240EF68A00A3B182 /* TheBestAppUITests.swift */; };
		2C3D129E2411843C00470971 /* CreateSessionViewController.swift in Sources */ = {isa = PBXBuildFile; fileRef = 2C3D129D2411843C00470971 /* CreateSessionViewController.swift */; };
		2C3D12A024118DDD00470971 /* JoinSessionViewController.swift in Sources */ = {isa = PBXBuildFile; fileRef = 2C3D129F24118DDC00470971 /* JoinSessionViewController.swift */; };
		2C3D12A22411A1C500470971 /* JoinerLobbyViewController.swift in Sources */ = {isa = PBXBuildFile; fileRef = 2C3D12A12411A1C500470971 /* JoinerLobbyViewController.swift */; };
		2C3D12A92411C50200470971 /* VotingSession.swift in Sources */ = {isa = PBXBuildFile; fileRef = 2C3D12A82411C50200470971 /* VotingSession.swift */; };
		2C3D12AF2414B56B00470971 /* SquareClient.swift in Sources */ = {isa = PBXBuildFile; fileRef = 2C3D12AE2414B56B00470971 /* SquareClient.swift */; };
		4BFD7B1D37B819D9D3A9FAB6 /* libPods-TheBestAppTests.a in Frameworks */ = {isa = PBXBuildFile; fileRef = CA89B97E23D888DD9B260F35 /* libPods-TheBestAppTests.a */; };
		6AA7BF8F24119E5000BAFAB7 /* InfoSessionViewController.swift in Sources */ = {isa = PBXBuildFile; fileRef = 6AA7BF8E24119E5000BAFAB7 /* InfoSessionViewController.swift */; };
		98698F46B690B04F0B9DEF40 /* libPods-TheBestApp-TheBestAppUITests.a in Frameworks */ = {isa = PBXBuildFile; fileRef = 1F7939CDB55B526EB9F94B8D /* libPods-TheBestApp-TheBestAppUITests.a */; };
		AB251B224F0E020911DD1C2D /* libPods-TheBestApp.a in Frameworks */ = {isa = PBXBuildFile; fileRef = CEDDB2C5F72F23143FD0A5BA /* libPods-TheBestApp.a */; };
/* End PBXBuildFile section */

/* Begin PBXContainerItemProxy section */
		2C29F1C1240EF68A00A3B182 /* PBXContainerItemProxy */ = {
			isa = PBXContainerItemProxy;
			containerPortal = 2C29F1A2240EF68700A3B182 /* Project object */;
			proxyType = 1;
			remoteGlobalIDString = 2C29F1A9240EF68700A3B182;
			remoteInfo = TheBestApp;
		};
		2C29F1CC240EF68A00A3B182 /* PBXContainerItemProxy */ = {
			isa = PBXContainerItemProxy;
			containerPortal = 2C29F1A2240EF68700A3B182 /* Project object */;
			proxyType = 1;
			remoteGlobalIDString = 2C29F1A9240EF68700A3B182;
			remoteInfo = TheBestApp;
		};
/* End PBXContainerItemProxy section */

/* Begin PBXFileReference section */
		0D64316C9166AE106A9C2FC5 /* Pods-TheBestAppTests.release.xcconfig */ = {isa = PBXFileReference; includeInIndex = 1; lastKnownFileType = text.xcconfig; name = "Pods-TheBestAppTests.release.xcconfig"; path = "Target Support Files/Pods-TheBestAppTests/Pods-TheBestAppTests.release.xcconfig"; sourceTree = "<group>"; };
		1945C909B69F063EA79F0E4F /* Pods-TheBestApp-TheBestAppUITests.release.xcconfig */ = {isa = PBXFileReference; includeInIndex = 1; lastKnownFileType = text.xcconfig; name = "Pods-TheBestApp-TheBestAppUITests.release.xcconfig"; path = "Target Support Files/Pods-TheBestApp-TheBestAppUITests/Pods-TheBestApp-TheBestAppUITests.release.xcconfig"; sourceTree = "<group>"; };
		1BD9E4DA24158C0800FD3D62 /* CategoriesTableViewController.swift */ = {isa = PBXFileReference; lastKnownFileType = sourcecode.swift; path = CategoriesTableViewController.swift; sourceTree = "<group>"; };
		1BD9E4DC24158CD000FD3D62 /* CategoryCell.swift */ = {isa = PBXFileReference; lastKnownFileType = sourcecode.swift; path = CategoryCell.swift; sourceTree = "<group>"; };
		1F7939CDB55B526EB9F94B8D /* libPods-TheBestApp-TheBestAppUITests.a */ = {isa = PBXFileReference; explicitFileType = archive.ar; includeInIndex = 0; path = "libPods-TheBestApp-TheBestAppUITests.a"; sourceTree = BUILT_PRODUCTS_DIR; };
		2C29F1AA240EF68700A3B182 /* TheBestApp.app */ = {isa = PBXFileReference; explicitFileType = wrapper.application; includeInIndex = 0; path = TheBestApp.app; sourceTree = BUILT_PRODUCTS_DIR; };
		2C29F1AD240EF68700A3B182 /* AppDelegate.swift */ = {isa = PBXFileReference; lastKnownFileType = sourcecode.swift; path = AppDelegate.swift; sourceTree = "<group>"; };
		2C29F1AF240EF68700A3B182 /* SceneDelegate.swift */ = {isa = PBXFileReference; lastKnownFileType = sourcecode.swift; path = SceneDelegate.swift; sourceTree = "<group>"; };
		2C29F1B1240EF68700A3B182 /* HomeViewController.swift */ = {isa = PBXFileReference; lastKnownFileType = sourcecode.swift; path = HomeViewController.swift; sourceTree = "<group>"; };
		2C29F1B4240EF68700A3B182 /* Base */ = {isa = PBXFileReference; lastKnownFileType = file.storyboard; name = Base; path = Base.lproj/Main.storyboard; sourceTree = "<group>"; };
		2C29F1B6240EF68900A3B182 /* Assets.xcassets */ = {isa = PBXFileReference; lastKnownFileType = folder.assetcatalog; path = Assets.xcassets; sourceTree = "<group>"; };
		2C29F1B9240EF68900A3B182 /* Base */ = {isa = PBXFileReference; lastKnownFileType = file.storyboard; name = Base; path = Base.lproj/LaunchScreen.storyboard; sourceTree = "<group>"; };
		2C29F1BB240EF68900A3B182 /* Info.plist */ = {isa = PBXFileReference; lastKnownFileType = text.plist.xml; path = Info.plist; sourceTree = "<group>"; };
		2C29F1C0240EF68A00A3B182 /* TheBestAppTests.xctest */ = {isa = PBXFileReference; explicitFileType = wrapper.cfbundle; includeInIndex = 0; path = TheBestAppTests.xctest; sourceTree = BUILT_PRODUCTS_DIR; };
		2C29F1C4240EF68A00A3B182 /* TheBestAppTests.swift */ = {isa = PBXFileReference; lastKnownFileType = sourcecode.swift; path = TheBestAppTests.swift; sourceTree = "<group>"; };
		2C29F1C6240EF68A00A3B182 /* Info.plist */ = {isa = PBXFileReference; lastKnownFileType = text.plist.xml; path = Info.plist; sourceTree = "<group>"; };
		2C29F1CB240EF68A00A3B182 /* TheBestAppUITests.xctest */ = {isa = PBXFileReference; explicitFileType = wrapper.cfbundle; includeInIndex = 0; path = TheBestAppUITests.xctest; sourceTree = BUILT_PRODUCTS_DIR; };
		2C29F1CF240EF68A00A3B182 /* TheBestAppUITests.swift */ = {isa = PBXFileReference; lastKnownFileType = sourcecode.swift; path = TheBestAppUITests.swift; sourceTree = "<group>"; };
		2C29F1D1240EF68A00A3B182 /* Info.plist */ = {isa = PBXFileReference; lastKnownFileType = text.plist.xml; path = Info.plist; sourceTree = "<group>"; };
		2C3D129C2411795500470971 /* configs.xcconfig */ = {isa = PBXFileReference; lastKnownFileType = text.xcconfig; path = configs.xcconfig; sourceTree = "<group>"; };
		2C3D129D2411843C00470971 /* CreateSessionViewController.swift */ = {isa = PBXFileReference; lastKnownFileType = sourcecode.swift; path = CreateSessionViewController.swift; sourceTree = "<group>"; };
		2C3D129F24118DDC00470971 /* JoinSessionViewController.swift */ = {isa = PBXFileReference; lastKnownFileType = sourcecode.swift; path = JoinSessionViewController.swift; sourceTree = "<group>"; };
		2C3D12A12411A1C500470971 /* JoinerLobbyViewController.swift */ = {isa = PBXFileReference; lastKnownFileType = sourcecode.swift; path = JoinerLobbyViewController.swift; sourceTree = "<group>"; };
		2C3D12A82411C50200470971 /* VotingSession.swift */ = {isa = PBXFileReference; lastKnownFileType = sourcecode.swift; path = VotingSession.swift; sourceTree = "<group>"; };
		2C3D12AE2414B56B00470971 /* SquareClient.swift */ = {isa = PBXFileReference; fileEncoding = 4; lastKnownFileType = sourcecode.swift; path = SquareClient.swift; sourceTree = "<group>"; };
		5B3E9D5B91B0D9CC6CE6A2E9 /* Pods-TheBestAppTests.debug.xcconfig */ = {isa = PBXFileReference; includeInIndex = 1; lastKnownFileType = text.xcconfig; name = "Pods-TheBestAppTests.debug.xcconfig"; path = "Target Support Files/Pods-TheBestAppTests/Pods-TheBestAppTests.debug.xcconfig"; sourceTree = "<group>"; };
		6A057C13241499E4003200AD /* Alamofire.framework */ = {isa = PBXFileReference; explicitFileType = wrapper.framework; path = Alamofire.framework; sourceTree = BUILT_PRODUCTS_DIR; };
		6A057C15241499E4003200AD /* AlamofireImage.framework */ = {isa = PBXFileReference; explicitFileType = wrapper.framework; path = AlamofireImage.framework; sourceTree = BUILT_PRODUCTS_DIR; };
		6A057C17241499E4003200AD /* Bolts.framework */ = {isa = PBXFileReference; explicitFileType = wrapper.framework; path = Bolts.framework; sourceTree = BUILT_PRODUCTS_DIR; };
		6A057C19241499E4003200AD /* Parse.framework */ = {isa = PBXFileReference; explicitFileType = wrapper.framework; path = Parse.framework; sourceTree = BUILT_PRODUCTS_DIR; };
		6AA7BF8E24119E5000BAFAB7 /* InfoSessionViewController.swift */ = {isa = PBXFileReference; lastKnownFileType = sourcecode.swift; path = InfoSessionViewController.swift; sourceTree = "<group>"; };
		B5CAD49898262C5BC3DD353E /* Pods-TheBestApp.debug.xcconfig */ = {isa = PBXFileReference; includeInIndex = 1; lastKnownFileType = text.xcconfig; name = "Pods-TheBestApp.debug.xcconfig"; path = "Target Support Files/Pods-TheBestApp/Pods-TheBestApp.debug.xcconfig"; sourceTree = "<group>"; };
		C6A25FEA6D7F0A8E81CF728D /* Pods-TheBestApp.release.xcconfig */ = {isa = PBXFileReference; includeInIndex = 1; lastKnownFileType = text.xcconfig; name = "Pods-TheBestApp.release.xcconfig"; path = "Target Support Files/Pods-TheBestApp/Pods-TheBestApp.release.xcconfig"; sourceTree = "<group>"; };
		CA89B97E23D888DD9B260F35 /* libPods-TheBestAppTests.a */ = {isa = PBXFileReference; explicitFileType = archive.ar; includeInIndex = 0; path = "libPods-TheBestAppTests.a"; sourceTree = BUILT_PRODUCTS_DIR; };
		CEDDB2C5F72F23143FD0A5BA /* libPods-TheBestApp.a */ = {isa = PBXFileReference; explicitFileType = archive.ar; includeInIndex = 0; path = "libPods-TheBestApp.a"; sourceTree = BUILT_PRODUCTS_DIR; };
		DB0E0D8C68F601D3426250D6 /* Pods-TheBestApp-TheBestAppUITests.debug.xcconfig */ = {isa = PBXFileReference; includeInIndex = 1; lastKnownFileType = text.xcconfig; name = "Pods-TheBestApp-TheBestAppUITests.debug.xcconfig"; path = "Target Support Files/Pods-TheBestApp-TheBestAppUITests/Pods-TheBestApp-TheBestAppUITests.debug.xcconfig"; sourceTree = "<group>"; };
/* End PBXFileReference section */

/* Begin PBXFrameworksBuildPhase section */
		2C29F1A7240EF68700A3B182 /* Frameworks */ = {
			isa = PBXFrameworksBuildPhase;
			buildActionMask = 2147483647;
			files = (
				AB251B224F0E020911DD1C2D /* libPods-TheBestApp.a in Frameworks */,
			);
			runOnlyForDeploymentPostprocessing = 0;
		};
		2C29F1BD240EF68A00A3B182 /* Frameworks */ = {
			isa = PBXFrameworksBuildPhase;
			buildActionMask = 2147483647;
			files = (
				4BFD7B1D37B819D9D3A9FAB6 /* libPods-TheBestAppTests.a in Frameworks */,
			);
			runOnlyForDeploymentPostprocessing = 0;
		};
		2C29F1C8240EF68A00A3B182 /* Frameworks */ = {
			isa = PBXFrameworksBuildPhase;
			buildActionMask = 2147483647;
			files = (
				98698F46B690B04F0B9DEF40 /* libPods-TheBestApp-TheBestAppUITests.a in Frameworks */,
			);
			runOnlyForDeploymentPostprocessing = 0;
		};
/* End PBXFrameworksBuildPhase section */

/* Begin PBXGroup section */
		2C29F1A1240EF68700A3B182 = {
			isa = PBXGroup;
			children = (
				2C3D129C2411795500470971 /* configs.xcconfig */,
				2C29F1AC240EF68700A3B182 /* TheBestApp */,
				2C29F1C3240EF68A00A3B182 /* TheBestAppTests */,
				2C29F1CE240EF68A00A3B182 /* TheBestAppUITests */,
				2C29F1AB240EF68700A3B182 /* Products */,
				599A87A635123A66CCEF7A2C /* Pods */,
				535988D4983B3AA1B3F278E0 /* Frameworks */,
			);
			sourceTree = "<group>";
		};
		2C29F1AB240EF68700A3B182 /* Products */ = {
			isa = PBXGroup;
			children = (
				2C29F1AA240EF68700A3B182 /* TheBestApp.app */,
				2C29F1C0240EF68A00A3B182 /* TheBestAppTests.xctest */,
				2C29F1CB240EF68A00A3B182 /* TheBestAppUITests.xctest */,
			);
			name = Products;
			sourceTree = "<group>";
		};
		2C29F1AC240EF68700A3B182 /* TheBestApp */ = {
			isa = PBXGroup;
			children = (
				2C3D12A72411C49900470971 /* Helpers */,
				2C29F1DD240EF6D200A3B182 /* Storyboards */,
				2C29F1DE240EF70000A3B182 /* Delegates */,
				2C29F1DF240EF72700A3B182 /* ViewControllers */,
				2C29F1B6240EF68900A3B182 /* Assets.xcassets */,
				2C29F1BB240EF68900A3B182 /* Info.plist */,
			);
			path = TheBestApp;
			sourceTree = "<group>";
		};
		2C29F1C3240EF68A00A3B182 /* TheBestAppTests */ = {
			isa = PBXGroup;
			children = (
				2C29F1C4240EF68A00A3B182 /* TheBestAppTests.swift */,
				2C29F1C6240EF68A00A3B182 /* Info.plist */,
			);
			path = TheBestAppTests;
			sourceTree = "<group>";
		};
		2C29F1CE240EF68A00A3B182 /* TheBestAppUITests */ = {
			isa = PBXGroup;
			children = (
				2C29F1CF240EF68A00A3B182 /* TheBestAppUITests.swift */,
				2C29F1D1240EF68A00A3B182 /* Info.plist */,
			);
			path = TheBestAppUITests;
			sourceTree = "<group>";
		};
		2C29F1DD240EF6D200A3B182 /* Storyboards */ = {
			isa = PBXGroup;
			children = (
				2C29F1B3240EF68700A3B182 /* Main.storyboard */,
				2C29F1B8240EF68900A3B182 /* LaunchScreen.storyboard */,
			);
			path = Storyboards;
			sourceTree = "<group>";
		};
		2C29F1DE240EF70000A3B182 /* Delegates */ = {
			isa = PBXGroup;
			children = (
				2C29F1AD240EF68700A3B182 /* AppDelegate.swift */,
				2C29F1AF240EF68700A3B182 /* SceneDelegate.swift */,
			);
			path = Delegates;
			sourceTree = "<group>";
		};
		2C29F1DF240EF72700A3B182 /* ViewControllers */ = {
			isa = PBXGroup;
			children = (
				2C29F1B1240EF68700A3B182 /* HomeViewController.swift */,
				2C3D129D2411843C00470971 /* CreateSessionViewController.swift */,
				2C3D129F24118DDC00470971 /* JoinSessionViewController.swift */,
				2C3D12A12411A1C500470971 /* JoinerLobbyViewController.swift */,
				6AA7BF8E24119E5000BAFAB7 /* InfoSessionViewController.swift */,
				1BD9E4DA24158C0800FD3D62 /* CategoriesTableViewController.swift */,
				1BD9E4DC24158CD000FD3D62 /* CategoryCell.swift */,
			);
			path = ViewControllers;
			sourceTree = "<group>";
		};
		2C3D12A72411C49900470971 /* Helpers */ = {
			isa = PBXGroup;
			children = (
				2C3D12AE2414B56B00470971 /* SquareClient.swift */,
				2C3D12A82411C50200470971 /* VotingSession.swift */,
			);
			path = Helpers;
			sourceTree = "<group>";
		};
		535988D4983B3AA1B3F278E0 /* Frameworks */ = {
			isa = PBXGroup;
			children = (
				6A057C13241499E4003200AD /* Alamofire.framework */,
				6A057C15241499E4003200AD /* AlamofireImage.framework */,
				6A057C17241499E4003200AD /* Bolts.framework */,
				6A057C19241499E4003200AD /* Parse.framework */,
				CEDDB2C5F72F23143FD0A5BA /* libPods-TheBestApp.a */,
				1F7939CDB55B526EB9F94B8D /* libPods-TheBestApp-TheBestAppUITests.a */,
				CA89B97E23D888DD9B260F35 /* libPods-TheBestAppTests.a */,
			);
			name = Frameworks;
			sourceTree = "<group>";
		};
		599A87A635123A66CCEF7A2C /* Pods */ = {
			isa = PBXGroup;
			children = (
				B5CAD49898262C5BC3DD353E /* Pods-TheBestApp.debug.xcconfig */,
				C6A25FEA6D7F0A8E81CF728D /* Pods-TheBestApp.release.xcconfig */,
				DB0E0D8C68F601D3426250D6 /* Pods-TheBestApp-TheBestAppUITests.debug.xcconfig */,
				1945C909B69F063EA79F0E4F /* Pods-TheBestApp-TheBestAppUITests.release.xcconfig */,
				5B3E9D5B91B0D9CC6CE6A2E9 /* Pods-TheBestAppTests.debug.xcconfig */,
				0D64316C9166AE106A9C2FC5 /* Pods-TheBestAppTests.release.xcconfig */,
			);
			path = Pods;
			sourceTree = "<group>";
		};
/* End PBXGroup section */

/* Begin PBXNativeTarget section */
		2C29F1A9240EF68700A3B182 /* TheBestApp */ = {
			isa = PBXNativeTarget;
			buildConfigurationList = 2C29F1D4240EF68A00A3B182 /* Build configuration list for PBXNativeTarget "TheBestApp" */;
			buildPhases = (
				B6CDBDCE6A20B109E90A9DDE /* [CP] Check Pods Manifest.lock */,
				2C29F1A6240EF68700A3B182 /* Sources */,
				2C29F1A7240EF68700A3B182 /* Frameworks */,
				2C29F1A8240EF68700A3B182 /* Resources */,
				DB9E703CC1E007AE9B2E3DCB /* [CP] Copy Pods Resources */,
			);
			buildRules = (
			);
			dependencies = (
			);
			name = TheBestApp;
			productName = TheBestApp;
			productReference = 2C29F1AA240EF68700A3B182 /* TheBestApp.app */;
			productType = "com.apple.product-type.application";
		};
		2C29F1BF240EF68A00A3B182 /* TheBestAppTests */ = {
			isa = PBXNativeTarget;
			buildConfigurationList = 2C29F1D7240EF68A00A3B182 /* Build configuration list for PBXNativeTarget "TheBestAppTests" */;
			buildPhases = (
				73FF1B545F182A1B7641291A /* [CP] Check Pods Manifest.lock */,
				2C29F1BC240EF68A00A3B182 /* Sources */,
				2C29F1BD240EF68A00A3B182 /* Frameworks */,
				2C29F1BE240EF68A00A3B182 /* Resources */,
			);
			buildRules = (
			);
			dependencies = (
				2C29F1C2240EF68A00A3B182 /* PBXTargetDependency */,
			);
			name = TheBestAppTests;
			productName = TheBestAppTests;
			productReference = 2C29F1C0240EF68A00A3B182 /* TheBestAppTests.xctest */;
			productType = "com.apple.product-type.bundle.unit-test";
		};
		2C29F1CA240EF68A00A3B182 /* TheBestAppUITests */ = {
			isa = PBXNativeTarget;
			buildConfigurationList = 2C29F1DA240EF68A00A3B182 /* Build configuration list for PBXNativeTarget "TheBestAppUITests" */;
			buildPhases = (
				95F3A03F0CADE49590428666 /* [CP] Check Pods Manifest.lock */,
				2C29F1C7240EF68A00A3B182 /* Sources */,
				2C29F1C8240EF68A00A3B182 /* Frameworks */,
				2C29F1C9240EF68A00A3B182 /* Resources */,
				22C3C603792860FF23FAB758 /* [CP] Copy Pods Resources */,
			);
			buildRules = (
			);
			dependencies = (
				2C29F1CD240EF68A00A3B182 /* PBXTargetDependency */,
			);
			name = TheBestAppUITests;
			productName = TheBestAppUITests;
			productReference = 2C29F1CB240EF68A00A3B182 /* TheBestAppUITests.xctest */;
			productType = "com.apple.product-type.bundle.ui-testing";
		};
/* End PBXNativeTarget section */

/* Begin PBXProject section */
		2C29F1A2240EF68700A3B182 /* Project object */ = {
			isa = PBXProject;
			attributes = {
				LastSwiftUpdateCheck = 1130;
				LastUpgradeCheck = 1130;
				ORGANIZATIONNAME = "Zachary Pinto";
				TargetAttributes = {
					2C29F1A9240EF68700A3B182 = {
						CreatedOnToolsVersion = 11.3.1;
					};
					2C29F1BF240EF68A00A3B182 = {
						CreatedOnToolsVersion = 11.3.1;
						TestTargetID = 2C29F1A9240EF68700A3B182;
					};
					2C29F1CA240EF68A00A3B182 = {
						CreatedOnToolsVersion = 11.3.1;
						TestTargetID = 2C29F1A9240EF68700A3B182;
					};
				};
			};
			buildConfigurationList = 2C29F1A5240EF68700A3B182 /* Build configuration list for PBXProject "TheBestApp" */;
			compatibilityVersion = "Xcode 9.3";
			developmentRegion = en;
			hasScannedForEncodings = 0;
			knownRegions = (
				en,
				Base,
			);
			mainGroup = 2C29F1A1240EF68700A3B182;
			productRefGroup = 2C29F1AB240EF68700A3B182 /* Products */;
			projectDirPath = "";
			projectRoot = "";
			targets = (
				2C29F1A9240EF68700A3B182 /* TheBestApp */,
				2C29F1BF240EF68A00A3B182 /* TheBestAppTests */,
				2C29F1CA240EF68A00A3B182 /* TheBestAppUITests */,
			);
		};
/* End PBXProject section */

/* Begin PBXResourcesBuildPhase section */
		2C29F1A8240EF68700A3B182 /* Resources */ = {
			isa = PBXResourcesBuildPhase;
			buildActionMask = 2147483647;
			files = (
				2C29F1BA240EF68900A3B182 /* LaunchScreen.storyboard in Resources */,
				2C29F1B7240EF68900A3B182 /* Assets.xcassets in Resources */,
				2C29F1B5240EF68700A3B182 /* Main.storyboard in Resources */,
			);
			runOnlyForDeploymentPostprocessing = 0;
		};
		2C29F1BE240EF68A00A3B182 /* Resources */ = {
			isa = PBXResourcesBuildPhase;
			buildActionMask = 2147483647;
			files = (
			);
			runOnlyForDeploymentPostprocessing = 0;
		};
		2C29F1C9240EF68A00A3B182 /* Resources */ = {
			isa = PBXResourcesBuildPhase;
			buildActionMask = 2147483647;
			files = (
			);
			runOnlyForDeploymentPostprocessing = 0;
		};
/* End PBXResourcesBuildPhase section */

/* Begin PBXShellScriptBuildPhase section */
		22C3C603792860FF23FAB758 /* [CP] Copy Pods Resources */ = {
			isa = PBXShellScriptBuildPhase;
			buildActionMask = 2147483647;
			files = (
			);
			inputFileListPaths = (
				"${PODS_ROOT}/Target Support Files/Pods-TheBestApp-TheBestAppUITests/Pods-TheBestApp-TheBestAppUITests-resources-${CONFIGURATION}-input-files.xcfilelist",
			);
			name = "[CP] Copy Pods Resources";
			outputFileListPaths = (
				"${PODS_ROOT}/Target Support Files/Pods-TheBestApp-TheBestAppUITests/Pods-TheBestApp-TheBestAppUITests-resources-${CONFIGURATION}-output-files.xcfilelist",
			);
			runOnlyForDeploymentPostprocessing = 0;
			shellPath = /bin/sh;
			shellScript = "\"${PODS_ROOT}/Target Support Files/Pods-TheBestApp-TheBestAppUITests/Pods-TheBestApp-TheBestAppUITests-resources.sh\"\n";
			showEnvVarsInLog = 0;
		};
		73FF1B545F182A1B7641291A /* [CP] Check Pods Manifest.lock */ = {
			isa = PBXShellScriptBuildPhase;
			buildActionMask = 2147483647;
			files = (
			);
			inputFileListPaths = (
			);
			inputPaths = (
				"${PODS_PODFILE_DIR_PATH}/Podfile.lock",
				"${PODS_ROOT}/Manifest.lock",
			);
			name = "[CP] Check Pods Manifest.lock";
			outputFileListPaths = (
			);
			outputPaths = (
				"$(DERIVED_FILE_DIR)/Pods-TheBestAppTests-checkManifestLockResult.txt",
			);
			runOnlyForDeploymentPostprocessing = 0;
			shellPath = /bin/sh;
			shellScript = "diff \"${PODS_PODFILE_DIR_PATH}/Podfile.lock\" \"${PODS_ROOT}/Manifest.lock\" > /dev/null\nif [ $? != 0 ] ; then\n    # print error to STDERR\n    echo \"error: The sandbox is not in sync with the Podfile.lock. Run 'pod install' or update your CocoaPods installation.\" >&2\n    exit 1\nfi\n# This output is used by Xcode 'outputs' to avoid re-running this script phase.\necho \"SUCCESS\" > \"${SCRIPT_OUTPUT_FILE_0}\"\n";
			showEnvVarsInLog = 0;
		};
		95F3A03F0CADE49590428666 /* [CP] Check Pods Manifest.lock */ = {
			isa = PBXShellScriptBuildPhase;
			buildActionMask = 2147483647;
			files = (
			);
			inputFileListPaths = (
			);
			inputPaths = (
				"${PODS_PODFILE_DIR_PATH}/Podfile.lock",
				"${PODS_ROOT}/Manifest.lock",
			);
			name = "[CP] Check Pods Manifest.lock";
			outputFileListPaths = (
			);
			outputPaths = (
				"$(DERIVED_FILE_DIR)/Pods-TheBestApp-TheBestAppUITests-checkManifestLockResult.txt",
			);
			runOnlyForDeploymentPostprocessing = 0;
			shellPath = /bin/sh;
			shellScript = "diff \"${PODS_PODFILE_DIR_PATH}/Podfile.lock\" \"${PODS_ROOT}/Manifest.lock\" > /dev/null\nif [ $? != 0 ] ; then\n    # print error to STDERR\n    echo \"error: The sandbox is not in sync with the Podfile.lock. Run 'pod install' or update your CocoaPods installation.\" >&2\n    exit 1\nfi\n# This output is used by Xcode 'outputs' to avoid re-running this script phase.\necho \"SUCCESS\" > \"${SCRIPT_OUTPUT_FILE_0}\"\n";
			showEnvVarsInLog = 0;
		};
		B6CDBDCE6A20B109E90A9DDE /* [CP] Check Pods Manifest.lock */ = {
			isa = PBXShellScriptBuildPhase;
			buildActionMask = 2147483647;
			files = (
			);
			inputFileListPaths = (
			);
			inputPaths = (
				"${PODS_PODFILE_DIR_PATH}/Podfile.lock",
				"${PODS_ROOT}/Manifest.lock",
			);
			name = "[CP] Check Pods Manifest.lock";
			outputFileListPaths = (
			);
			outputPaths = (
				"$(DERIVED_FILE_DIR)/Pods-TheBestApp-checkManifestLockResult.txt",
			);
			runOnlyForDeploymentPostprocessing = 0;
			shellPath = /bin/sh;
			shellScript = "diff \"${PODS_PODFILE_DIR_PATH}/Podfile.lock\" \"${PODS_ROOT}/Manifest.lock\" > /dev/null\nif [ $? != 0 ] ; then\n    # print error to STDERR\n    echo \"error: The sandbox is not in sync with the Podfile.lock. Run 'pod install' or update your CocoaPods installation.\" >&2\n    exit 1\nfi\n# This output is used by Xcode 'outputs' to avoid re-running this script phase.\necho \"SUCCESS\" > \"${SCRIPT_OUTPUT_FILE_0}\"\n";
			showEnvVarsInLog = 0;
		};
		DB9E703CC1E007AE9B2E3DCB /* [CP] Copy Pods Resources */ = {
			isa = PBXShellScriptBuildPhase;
			buildActionMask = 2147483647;
			files = (
			);
			inputFileListPaths = (
				"${PODS_ROOT}/Target Support Files/Pods-TheBestApp/Pods-TheBestApp-resources-${CONFIGURATION}-input-files.xcfilelist",
			);
			name = "[CP] Copy Pods Resources";
			outputFileListPaths = (
				"${PODS_ROOT}/Target Support Files/Pods-TheBestApp/Pods-TheBestApp-resources-${CONFIGURATION}-output-files.xcfilelist",
			);
			runOnlyForDeploymentPostprocessing = 0;
			shellPath = /bin/sh;
			shellScript = "\"${PODS_ROOT}/Target Support Files/Pods-TheBestApp/Pods-TheBestApp-resources.sh\"\n";
			showEnvVarsInLog = 0;
		};
/* End PBXShellScriptBuildPhase section */

/* Begin PBXSourcesBuildPhase section */
		2C29F1A6240EF68700A3B182 /* Sources */ = {
			isa = PBXSourcesBuildPhase;
			buildActionMask = 2147483647;
			files = (
				2C29F1B2240EF68700A3B182 /* HomeViewController.swift in Sources */,
				2C3D129E2411843C00470971 /* CreateSessionViewController.swift in Sources */,
				2C3D12AF2414B56B00470971 /* SquareClient.swift in Sources */,
				2C3D12A22411A1C500470971 /* JoinerLobbyViewController.swift in Sources */,
				2C29F1AE240EF68700A3B182 /* AppDelegate.swift in Sources */,
				6AA7BF8F24119E5000BAFAB7 /* InfoSessionViewController.swift in Sources */,
				2C29F1B0240EF68700A3B182 /* SceneDelegate.swift in Sources */,
				2C3D12A92411C50200470971 /* VotingSession.swift in Sources */,
				2C3D12A024118DDD00470971 /* JoinSessionViewController.swift in Sources */,
				1BD9E4DB24158C0800FD3D62 /* CategoriesTableViewController.swift in Sources */,
				1BD9E4DD24158CD000FD3D62 /* CategoryCell.swift in Sources */,
			);
			runOnlyForDeploymentPostprocessing = 0;
		};
		2C29F1BC240EF68A00A3B182 /* Sources */ = {
			isa = PBXSourcesBuildPhase;
			buildActionMask = 2147483647;
			files = (
				2C29F1C5240EF68A00A3B182 /* TheBestAppTests.swift in Sources */,
			);
			runOnlyForDeploymentPostprocessing = 0;
		};
		2C29F1C7240EF68A00A3B182 /* Sources */ = {
			isa = PBXSourcesBuildPhase;
			buildActionMask = 2147483647;
			files = (
				2C29F1D0240EF68A00A3B182 /* TheBestAppUITests.swift in Sources */,
			);
			runOnlyForDeploymentPostprocessing = 0;
		};
/* End PBXSourcesBuildPhase section */

/* Begin PBXTargetDependency section */
		2C29F1C2240EF68A00A3B182 /* PBXTargetDependency */ = {
			isa = PBXTargetDependency;
			target = 2C29F1A9240EF68700A3B182 /* TheBestApp */;
			targetProxy = 2C29F1C1240EF68A00A3B182 /* PBXContainerItemProxy */;
		};
		2C29F1CD240EF68A00A3B182 /* PBXTargetDependency */ = {
			isa = PBXTargetDependency;
			target = 2C29F1A9240EF68700A3B182 /* TheBestApp */;
			targetProxy = 2C29F1CC240EF68A00A3B182 /* PBXContainerItemProxy */;
		};
/* End PBXTargetDependency section */

/* Begin PBXVariantGroup section */
		2C29F1B3240EF68700A3B182 /* Main.storyboard */ = {
			isa = PBXVariantGroup;
			children = (
				2C29F1B4240EF68700A3B182 /* Base */,
			);
			name = Main.storyboard;
			sourceTree = "<group>";
		};
		2C29F1B8240EF68900A3B182 /* LaunchScreen.storyboard */ = {
			isa = PBXVariantGroup;
			children = (
				2C29F1B9240EF68900A3B182 /* Base */,
			);
			name = LaunchScreen.storyboard;
			sourceTree = "<group>";
		};
/* End PBXVariantGroup section */

/* Begin XCBuildConfiguration section */
		2C29F1D2240EF68A00A3B182 /* Debug */ = {
			isa = XCBuildConfiguration;
			baseConfigurationReference = 2C3D129C2411795500470971 /* configs.xcconfig */;
			buildSettings = {
				ALWAYS_SEARCH_USER_PATHS = NO;
				CLANG_ANALYZER_NONNULL = YES;
				CLANG_ANALYZER_NUMBER_OBJECT_CONVERSION = YES_AGGRESSIVE;
				CLANG_CXX_LANGUAGE_STANDARD = "gnu++14";
				CLANG_CXX_LIBRARY = "libc++";
				CLANG_ENABLE_MODULES = YES;
				CLANG_ENABLE_OBJC_ARC = YES;
				CLANG_ENABLE_OBJC_WEAK = YES;
				CLANG_WARN_BLOCK_CAPTURE_AUTORELEASING = YES;
				CLANG_WARN_BOOL_CONVERSION = YES;
				CLANG_WARN_COMMA = YES;
				CLANG_WARN_CONSTANT_CONVERSION = YES;
				CLANG_WARN_DEPRECATED_OBJC_IMPLEMENTATIONS = YES;
				CLANG_WARN_DIRECT_OBJC_ISA_USAGE = YES_ERROR;
				CLANG_WARN_DOCUMENTATION_COMMENTS = YES;
				CLANG_WARN_EMPTY_BODY = YES;
				CLANG_WARN_ENUM_CONVERSION = YES;
				CLANG_WARN_INFINITE_RECURSION = YES;
				CLANG_WARN_INT_CONVERSION = YES;
				CLANG_WARN_NON_LITERAL_NULL_CONVERSION = YES;
				CLANG_WARN_OBJC_IMPLICIT_RETAIN_SELF = YES;
				CLANG_WARN_OBJC_LITERAL_CONVERSION = YES;
				CLANG_WARN_OBJC_ROOT_CLASS = YES_ERROR;
				CLANG_WARN_RANGE_LOOP_ANALYSIS = YES;
				CLANG_WARN_STRICT_PROTOTYPES = YES;
				CLANG_WARN_SUSPICIOUS_MOVE = YES;
				CLANG_WARN_UNGUARDED_AVAILABILITY = YES_AGGRESSIVE;
				CLANG_WARN_UNREACHABLE_CODE = YES;
				CLANG_WARN__DUPLICATE_METHOD_MATCH = YES;
				COPY_PHASE_STRIP = NO;
				DEBUG_INFORMATION_FORMAT = dwarf;
				ENABLE_STRICT_OBJC_MSGSEND = YES;
				ENABLE_TESTABILITY = YES;
				GCC_C_LANGUAGE_STANDARD = gnu11;
				GCC_DYNAMIC_NO_PIC = NO;
				GCC_NO_COMMON_BLOCKS = YES;
				GCC_OPTIMIZATION_LEVEL = 0;
				GCC_PREPROCESSOR_DEFINITIONS = (
					"DEBUG=1",
					"$(inherited)",
				);
				GCC_WARN_64_TO_32_BIT_CONVERSION = YES;
				GCC_WARN_ABOUT_RETURN_TYPE = YES_ERROR;
				GCC_WARN_UNDECLARED_SELECTOR = YES;
				GCC_WARN_UNINITIALIZED_AUTOS = YES_AGGRESSIVE;
				GCC_WARN_UNUSED_FUNCTION = YES;
				GCC_WARN_UNUSED_VARIABLE = YES;
				IPHONEOS_DEPLOYMENT_TARGET = 13.2;
				MTL_ENABLE_DEBUG_INFO = INCLUDE_SOURCE;
				MTL_FAST_MATH = YES;
				ONLY_ACTIVE_ARCH = YES;
				SDKROOT = iphoneos;
				SWIFT_ACTIVE_COMPILATION_CONDITIONS = DEBUG;
				SWIFT_OPTIMIZATION_LEVEL = "-Onone";
			};
			name = Debug;
		};
		2C29F1D3240EF68A00A3B182 /* Release */ = {
			isa = XCBuildConfiguration;
			baseConfigurationReference = 2C3D129C2411795500470971 /* configs.xcconfig */;
			buildSettings = {
				ALWAYS_SEARCH_USER_PATHS = NO;
				CLANG_ANALYZER_NONNULL = YES;
				CLANG_ANALYZER_NUMBER_OBJECT_CONVERSION = YES_AGGRESSIVE;
				CLANG_CXX_LANGUAGE_STANDARD = "gnu++14";
				CLANG_CXX_LIBRARY = "libc++";
				CLANG_ENABLE_MODULES = YES;
				CLANG_ENABLE_OBJC_ARC = YES;
				CLANG_ENABLE_OBJC_WEAK = YES;
				CLANG_WARN_BLOCK_CAPTURE_AUTORELEASING = YES;
				CLANG_WARN_BOOL_CONVERSION = YES;
				CLANG_WARN_COMMA = YES;
				CLANG_WARN_CONSTANT_CONVERSION = YES;
				CLANG_WARN_DEPRECATED_OBJC_IMPLEMENTATIONS = YES;
				CLANG_WARN_DIRECT_OBJC_ISA_USAGE = YES_ERROR;
				CLANG_WARN_DOCUMENTATION_COMMENTS = YES;
				CLANG_WARN_EMPTY_BODY = YES;
				CLANG_WARN_ENUM_CONVERSION = YES;
				CLANG_WARN_INFINITE_RECURSION = YES;
				CLANG_WARN_INT_CONVERSION = YES;
				CLANG_WARN_NON_LITERAL_NULL_CONVERSION = YES;
				CLANG_WARN_OBJC_IMPLICIT_RETAIN_SELF = YES;
				CLANG_WARN_OBJC_LITERAL_CONVERSION = YES;
				CLANG_WARN_OBJC_ROOT_CLASS = YES_ERROR;
				CLANG_WARN_RANGE_LOOP_ANALYSIS = YES;
				CLANG_WARN_STRICT_PROTOTYPES = YES;
				CLANG_WARN_SUSPICIOUS_MOVE = YES;
				CLANG_WARN_UNGUARDED_AVAILABILITY = YES_AGGRESSIVE;
				CLANG_WARN_UNREACHABLE_CODE = YES;
				CLANG_WARN__DUPLICATE_METHOD_MATCH = YES;
				COPY_PHASE_STRIP = NO;
				DEBUG_INFORMATION_FORMAT = "dwarf-with-dsym";
				ENABLE_NS_ASSERTIONS = NO;
				ENABLE_STRICT_OBJC_MSGSEND = YES;
				GCC_C_LANGUAGE_STANDARD = gnu11;
				GCC_NO_COMMON_BLOCKS = YES;
				GCC_WARN_64_TO_32_BIT_CONVERSION = YES;
				GCC_WARN_ABOUT_RETURN_TYPE = YES_ERROR;
				GCC_WARN_UNDECLARED_SELECTOR = YES;
				GCC_WARN_UNINITIALIZED_AUTOS = YES_AGGRESSIVE;
				GCC_WARN_UNUSED_FUNCTION = YES;
				GCC_WARN_UNUSED_VARIABLE = YES;
				IPHONEOS_DEPLOYMENT_TARGET = 13.2;
				MTL_ENABLE_DEBUG_INFO = NO;
				MTL_FAST_MATH = YES;
				SDKROOT = iphoneos;
				SWIFT_COMPILATION_MODE = wholemodule;
				SWIFT_OPTIMIZATION_LEVEL = "-O";
				VALIDATE_PRODUCT = YES;
			};
			name = Release;
		};
		2C29F1D5240EF68A00A3B182 /* Debug */ = {
			isa = XCBuildConfiguration;
			baseConfigurationReference = B5CAD49898262C5BC3DD353E /* Pods-TheBestApp.debug.xcconfig */;
			buildSettings = {
				ASSETCATALOG_COMPILER_APPICON_NAME = AppIcon;
				CODE_SIGN_STYLE = Automatic;
				DEVELOPMENT_TEAM = W6G2U9HZ5S;
				INFOPLIST_FILE = TheBestApp/Info.plist;
				LD_RUNPATH_SEARCH_PATHS = (
					"$(inherited)",
					"@executable_path/Frameworks",
				);
				PRODUCT_BUNDLE_IDENTIFIER = com.zacharypinto1.TheBestApp;
				PRODUCT_NAME = "$(TARGET_NAME)";
				SWIFT_VERSION = 5.0;
				TARGETED_DEVICE_FAMILY = "1,2";
			};
			name = Debug;
		};
		2C29F1D6240EF68A00A3B182 /* Release */ = {
			isa = XCBuildConfiguration;
			baseConfigurationReference = C6A25FEA6D7F0A8E81CF728D /* Pods-TheBestApp.release.xcconfig */;
			buildSettings = {
				ASSETCATALOG_COMPILER_APPICON_NAME = AppIcon;
				CODE_SIGN_STYLE = Automatic;
				DEVELOPMENT_TEAM = W6G2U9HZ5S;
				INFOPLIST_FILE = TheBestApp/Info.plist;
				LD_RUNPATH_SEARCH_PATHS = (
					"$(inherited)",
					"@executable_path/Frameworks",
				);
				PRODUCT_BUNDLE_IDENTIFIER = com.zacharypinto1.TheBestApp;
				PRODUCT_NAME = "$(TARGET_NAME)";
				SWIFT_VERSION = 5.0;
				TARGETED_DEVICE_FAMILY = "1,2";
			};
			name = Release;
		};
		2C29F1D8240EF68A00A3B182 /* Debug */ = {
			isa = XCBuildConfiguration;
			baseConfigurationReference = 5B3E9D5B91B0D9CC6CE6A2E9 /* Pods-TheBestAppTests.debug.xcconfig */;
			buildSettings = {
				ALWAYS_EMBED_SWIFT_STANDARD_LIBRARIES = YES;
				BUNDLE_LOADER = "$(TEST_HOST)";
				CODE_SIGN_STYLE = Automatic;
				DEVELOPMENT_TEAM = 22M3MZS36D;
				INFOPLIST_FILE = TheBestAppTests/Info.plist;
				IPHONEOS_DEPLOYMENT_TARGET = 13.2;
				LD_RUNPATH_SEARCH_PATHS = (
					"$(inherited)",
					"@executable_path/Frameworks",
					"@loader_path/Frameworks",
				);
				PRODUCT_BUNDLE_IDENTIFIER = com.zacharypinto.TheBestAppTests;
				PRODUCT_NAME = "$(TARGET_NAME)";
				SWIFT_VERSION = 5.0;
				TARGETED_DEVICE_FAMILY = "1,2";
				TEST_HOST = "$(BUILT_PRODUCTS_DIR)/TheBestApp.app/TheBestApp";
			};
			name = Debug;
		};
		2C29F1D9240EF68A00A3B182 /* Release */ = {
			isa = XCBuildConfiguration;
			baseConfigurationReference = 0D64316C9166AE106A9C2FC5 /* Pods-TheBestAppTests.release.xcconfig */;
			buildSettings = {
				ALWAYS_EMBED_SWIFT_STANDARD_LIBRARIES = YES;
				BUNDLE_LOADER = "$(TEST_HOST)";
				CODE_SIGN_STYLE = Automatic;
				DEVELOPMENT_TEAM = 22M3MZS36D;
				INFOPLIST_FILE = TheBestAppTests/Info.plist;
				IPHONEOS_DEPLOYMENT_TARGET = 13.2;
				LD_RUNPATH_SEARCH_PATHS = (
					"$(inherited)",
					"@executable_path/Frameworks",
					"@loader_path/Frameworks",
				);
				PRODUCT_BUNDLE_IDENTIFIER = com.zacharypinto.TheBestAppTests;
				PRODUCT_NAME = "$(TARGET_NAME)";
				SWIFT_VERSION = 5.0;
				TARGETED_DEVICE_FAMILY = "1,2";
				TEST_HOST = "$(BUILT_PRODUCTS_DIR)/TheBestApp.app/TheBestApp";
			};
			name = Release;
		};
		2C29F1DB240EF68A00A3B182 /* Debug */ = {
			isa = XCBuildConfiguration;
			baseConfigurationReference = DB0E0D8C68F601D3426250D6 /* Pods-TheBestApp-TheBestAppUITests.debug.xcconfig */;
			buildSettings = {
				ALWAYS_EMBED_SWIFT_STANDARD_LIBRARIES = YES;
				CODE_SIGN_STYLE = Automatic;
				DEVELOPMENT_TEAM = 22M3MZS36D;
				INFOPLIST_FILE = TheBestAppUITests/Info.plist;
				LD_RUNPATH_SEARCH_PATHS = (
					"$(inherited)",
					"@executable_path/Frameworks",
					"@loader_path/Frameworks",
				);
				PRODUCT_BUNDLE_IDENTIFIER = com.zacharypinto.TheBestAppUITests;
				PRODUCT_NAME = "$(TARGET_NAME)";
				SWIFT_VERSION = 5.0;
				TARGETED_DEVICE_FAMILY = "1,2";
				TEST_TARGET_NAME = TheBestApp;
			};
			name = Debug;
		};
		2C29F1DC240EF68A00A3B182 /* Release */ = {
			isa = XCBuildConfiguration;
			baseConfigurationReference = 1945C909B69F063EA79F0E4F /* Pods-TheBestApp-TheBestAppUITests.release.xcconfig */;
			buildSettings = {
				ALWAYS_EMBED_SWIFT_STANDARD_LIBRARIES = YES;
				CODE_SIGN_STYLE = Automatic;
				DEVELOPMENT_TEAM = 22M3MZS36D;
				INFOPLIST_FILE = TheBestAppUITests/Info.plist;
				LD_RUNPATH_SEARCH_PATHS = (
					"$(inherited)",
					"@executable_path/Frameworks",
					"@loader_path/Frameworks",
				);
				PRODUCT_BUNDLE_IDENTIFIER = com.zacharypinto.TheBestAppUITests;
				PRODUCT_NAME = "$(TARGET_NAME)";
				SWIFT_VERSION = 5.0;
				TARGETED_DEVICE_FAMILY = "1,2";
				TEST_TARGET_NAME = TheBestApp;
			};
			name = Release;
		};
/* End XCBuildConfiguration section */

/* Begin XCConfigurationList section */
		2C29F1A5240EF68700A3B182 /* Build configuration list for PBXProject "TheBestApp" */ = {
			isa = XCConfigurationList;
			buildConfigurations = (
				2C29F1D2240EF68A00A3B182 /* Debug */,
				2C29F1D3240EF68A00A3B182 /* Release */,
			);
			defaultConfigurationIsVisible = 0;
			defaultConfigurationName = Release;
		};
		2C29F1D4240EF68A00A3B182 /* Build configuration list for PBXNativeTarget "TheBestApp" */ = {
			isa = XCConfigurationList;
			buildConfigurations = (
				2C29F1D5240EF68A00A3B182 /* Debug */,
				2C29F1D6240EF68A00A3B182 /* Release */,
			);
			defaultConfigurationIsVisible = 0;
			defaultConfigurationName = Release;
		};
		2C29F1D7240EF68A00A3B182 /* Build configuration list for PBXNativeTarget "TheBestAppTests" */ = {
			isa = XCConfigurationList;
			buildConfigurations = (
				2C29F1D8240EF68A00A3B182 /* Debug */,
				2C29F1D9240EF68A00A3B182 /* Release */,
			);
			defaultConfigurationIsVisible = 0;
			defaultConfigurationName = Release;
		};
		2C29F1DA240EF68A00A3B182 /* Build configuration list for PBXNativeTarget "TheBestAppUITests" */ = {
			isa = XCConfigurationList;
			buildConfigurations = (
				2C29F1DB240EF68A00A3B182 /* Debug */,
				2C29F1DC240EF68A00A3B182 /* Release */,
			);
			defaultConfigurationIsVisible = 0;
			defaultConfigurationName = Release;
		};
/* End XCConfigurationList section */
	};
	rootObject = 2C29F1A2240EF68700A3B182 /* Project object */;
}
